<?xml version="1.0" encoding="utf-8"?>
<Project ToolsVersion="4.0" xmlns="http://schemas.microsoft.com/developer/msbuild/2003">
  <ItemGroup>
    <Filter Include="Source Files">
      <UniqueIdentifier>{4FC737F1-C7A5-4376-A066-2A32D752A2FF}</UniqueIdentifier>
      <Extensions>cpp;c;cc;cxx;def;odl;idl;hpj;bat;asm;asmx</Extensions>
    </Filter>
    <Filter Include="Header Files">
      <UniqueIdentifier>{93995380-89BD-4b04-88EB-625FBE52EBFB}</UniqueIdentifier>
      <Extensions>h;hh;hpp;hxx;hm;inl;inc;xsd</Extensions>
    </Filter>
    <Filter Include="Resource Files">
      <UniqueIdentifier>{67DA6AB6-F800-4c08-8B7A-83BB121AAD01}</UniqueIdentifier>
      <Extensions>rc;ico;cur;bmp;dlg;rc2;rct;bin;rgs;gif;jpg;jpeg;jpe;resx;tiff;tif;png;wav;mfcribbon-ms</Extensions>
    </Filter>
    <Filter Include="ModelLoader">
      <UniqueIdentifier>{421b7f88-2cdc-4574-8192-259b93b6be05}</UniqueIdentifier>
    </Filter>
    <Filter Include="Math">
      <UniqueIdentifier>{a85dcf77-5779-4613-bae7-9562da5829ce}</UniqueIdentifier>
    </Filter>
    <Filter Include="Resource Files\Vertex">
      <UniqueIdentifier>{e2904232-35f3-4068-931b-660d945d4877}</UniqueIdentifier>
    </Filter>
    <Filter Include="Resource Files\Pixel">
      <UniqueIdentifier>{7815d153-b8e7-47ca-90cc-dd57cb899bd7}</UniqueIdentifier>
    </Filter>
    <Filter Include="Renderers">
      <UniqueIdentifier>{941f3afe-bcbf-43fd-8188-024da8877e78}</UniqueIdentifier>
    </Filter>
    <Filter Include="input">
      <UniqueIdentifier>{104ef39b-72da-4b0f-959b-ece9b4e08479}</UniqueIdentifier>
    </Filter>
    <Filter Include="Renderers\Shader 3D">
      <UniqueIdentifier>{b998b14b-1b15-439d-bb11-dffea6a13781}</UniqueIdentifier>
    </Filter>
    <Filter Include="Renderers\Shader 2D">
      <UniqueIdentifier>{2db5eb3f-05cb-4f05-82c1-7d7c1ce0830a}</UniqueIdentifier>
    </Filter>
    <Filter Include="models">
      <UniqueIdentifier>{ecd49a85-e2ad-43f7-aa16-b8ea5f7f91ba}</UniqueIdentifier>
    </Filter>
    <Filter Include="models\data">
      <UniqueIdentifier>{be425ad2-887a-4110-8df0-51c6660c6f6f}</UniqueIdentifier>
    </Filter>
    <Filter Include="models\game">
      <UniqueIdentifier>{300ff90a-c465-4066-bcb4-e63c3aa70ad8}</UniqueIdentifier>
    </Filter>
    <Filter Include="GUI">
      <UniqueIdentifier>{68a3cf8c-588b-438f-a262-b4433b3714f0}</UniqueIdentifier>
    </Filter>
    <Filter Include="Perf Counters">
      <UniqueIdentifier>{4d5df622-275f-4278-a3dd-595a60d921b1}</UniqueIdentifier>
    </Filter>
  </ItemGroup>
  <ItemGroup>
    <ClCompile Include="dx11test.cpp">
      <Filter>Source Files</Filter>
    </ClCompile>
    <ClCompile Include="GameWindow.cpp">
      <Filter>Source Files</Filter>
    </ClCompile>
    <ClCompile Include="Camera.cpp">
      <Filter>Source Files</Filter>
    </ClCompile>
    <ClCompile Include="MD5Model.cpp">
      <Filter>ModelLoader</Filter>
    </ClCompile>
    <ClCompile Include="MD5Animation.cpp">
      <Filter>ModelLoader</Filter>
    </ClCompile>
    <ClCompile Include="MD5ModelBinary.cpp">
      <Filter>ModelLoader</Filter>
    </ClCompile>
    <ClCompile Include="DXMath.cpp">
      <Filter>Math</Filter>
    </ClCompile>
    <ClCompile Include="complex_types.cpp">
      <Filter>Math</Filter>
    </ClCompile>
    <ClCompile Include="itmr.cpp">
      <Filter>models</Filter>
    </ClCompile>
    <ClCompile Include="InstanedShader.cpp">
      <Filter>Renderers\Shader 3D</Filter>
    </ClCompile>
    <ClCompile Include="InputClass.cpp">
      <Filter>input</Filter>
    </ClCompile>
    <ClCompile Include="ButtonsActionMap.cpp">
      <Filter>input</Filter>
    </ClCompile>
    <ClCompile Include="ShaderBase.cpp">
      <Filter>Renderers</Filter>
    </ClCompile>
    <ClCompile Include="InterfaceShader.cpp">
      <Filter>Renderers\Shader 2D</Filter>
    </ClCompile>
    <ClCompile Include="Game.cpp">
      <Filter>Source Files</Filter>
    </ClCompile>
    <ClCompile Include="DataModelBase.cpp">
      <Filter>models\data</Filter>
    </ClCompile>
    <ClCompile Include="GUI_Base.cpp">
      <Filter>GUI</Filter>
    </ClCompile>
    <ClCompile Include="NormalShader.cpp">
      <Filter>Renderers</Filter>
    </ClCompile>
  </ItemGroup>
  <ItemGroup>
    <ClInclude Include="GameWindow.h">
      <Filter>Header Files</Filter>
    </ClInclude>
    <ClInclude Include="Camera.h">
      <Filter>Header Files</Filter>
    </ClInclude>
    <ClInclude Include="PublicData.h">
      <Filter>Header Files</Filter>
    </ClInclude>
    <ClInclude Include="MD5Model.h">
      <Filter>ModelLoader</Filter>
    </ClInclude>
    <ClInclude Include="MD5ModelBinary.h">
      <Filter>ModelLoader</Filter>
    </ClInclude>
    <ClInclude Include="MD5Animation.h">
      <Filter>ModelLoader</Filter>
    </ClInclude>
    <ClInclude Include="DXMath.h">
      <Filter>Math</Filter>
    </ClInclude>
    <ClInclude Include="complex_types.h">
      <Filter>Math</Filter>
    </ClInclude>
    <ClInclude Include="DX_Global.h">
      <Filter>Header Files</Filter>
    </ClInclude>
    <ClInclude Include="itmr.h">
      <Filter>models</Filter>
    </ClInclude>
    <ClInclude Include="InstanedShader.h">
      <Filter>Renderers\Shader 3D</Filter>
    </ClInclude>
    <ClInclude Include="InputClass.h">
      <Filter>input</Filter>
    </ClInclude>
    <ClInclude Include="ButtonsActionMap.h">
      <Filter>input</Filter>
    </ClInclude>
    <ClInclude Include="ShaderBase.h">
      <Filter>Renderers</Filter>
    </ClInclude>
    <ClInclude Include="InterfaceShader.h">
      <Filter>Renderers\Shader 2D</Filter>
    </ClInclude>
    <ClInclude Include="Game.h">
      <Filter>Header Files</Filter>
    </ClInclude>
    <ClInclude Include="DataModelBase.h">
      <Filter>models\data</Filter>
    </ClInclude>
    <ClInclude Include="GUI_Base.h">
      <Filter>GUI</Filter>
    </ClInclude>
    <ClInclude Include="NormalShader.h">
      <Filter>Renderers</Filter>
    </ClInclude>
    <ClInclude Include="ShadersIncludes.h">
      <Filter>Header Files</Filter>
    </ClInclude>
  </ItemGroup>
  <ItemGroup>
    <None Include="ColorShader.hlsl">
      <Filter>Resource Files</Filter>
    </None>
    <None Include="TextureShader.hlsl">
      <Filter>Resource Files</Filter>
    </None>
    <None Include="PixelShader.hlsl">
      <Filter>Resource Files\Pixel</Filter>
    </None>
    <None Include="VertexShader.hlsl">
      <Filter>Resource Files\Vertex</Filter>
    </None>
    <None Include="2dPixShader.hlsl">
      <Filter>Resource Files\Pixel</Filter>
    </None>
    <None Include="2dVertShader.hlsl">
      <Filter>Resource Files\Vertex</Filter>
    </None>
    <None Include="NormalPixelShader.hlsl">
      <Filter>Resource Files\Pixel</Filter>
    </None>
    <None Include="NormalVertexShader.hlsl">
      <Filter>Resource Files\Vertex</Filter>
    </None>
  </ItemGroup>
  <ItemGroup>
    <Image Include="texttest.dds">
      <Filter>Resource Files</Filter>
    </Image>
  </ItemGroup>
</Project>